
Microsoft Visual Studio Solution File, Format Version 12.00
# Visual Studio 15
VisualStudioVersion = 15.0.26730.10
MinimumVisualStudioVersion = 10.0.40219.1
Project("{FAE04EC0-301F-11D3-BF4B-00C04F79EFBC}") = "FoodTruckAdminTools_v2", "FoodTruckAdminTools_v2\FoodTruckAdminTools_v2.csproj", "{E46DD72A-5867-4F37-8CC2-B0DCF3081C45}"
EndProject
Global
	GlobalSection(SolutionConfigurationPlatforms) = preSolution
		Debug|Any CPU = Debug|Any CPU
		Release|Any CPU = Release|Any CPU
	EndGlobalSection
	GlobalSection(ProjectConfigurationPlatforms) = postSolution
		{E46DD72A-5867-4F37-8CC2-B0DCF3081C45}.Debug|Any CPU.ActiveCfg = Debug|Any CPU
		{E46DD72A-5867-4F37-8CC2-B0DCF3081C45}.Debug|Any CPU.Build.0 = Debug|Any CPU
		{E46DD72A-5867-4F37-8CC2-B0DCF3081C45}.Release|Any CPU.ActiveCfg = Release|Any CPU
		{E46DD72A-5867-4F37-8CC2-B0DCF3081C45}.Release|Any CPU.Build.0 = Release|Any CPU
	EndGlobalSection
	GlobalSection(SolutionProperties) = preSolution
		HideSolutionNode = FALSE
	EndGlobalSection
	GlobalSection(ExtensibilityGlobals) = postSolution
		SolutionGuid = {17F4F353-64AD-4893-9825-4AF25A1614B9}
	EndGlobalSection
EndGlobal
